{
	"name": "@w-lfpup/jackrabbit",
	"version": "0.3.2",
	"lockfileVersion": 3,
	"requires": true,
	"packages": {
		"": {
			"name": "@w-lfpup/jackrabbit",
			"version": "0.3.2",
			"license": "BSD-3-Clause",
			"workspaces": [
				"core",
				"nodejs",
				"browser",
				"webdriver",
				"dom_test_utils",
				"tests",
				"commands"
			],
			"bin": {
				"jackrabbit": "nodejs/dist/mod.js",
				"jackrabbit_webdriver": "webdriver/dist/mod.js"
			},
			"devDependencies": {
				"@types/node": "^22.5.5",
				"prettier": "^3.3.1",
				"typescript": "^5.4.5"
			}
		},
		"browser": {},
		"commands": {
			"name": "command_tests"
		},
		"core": {},
		"dom_test_utils": {},
		"node_modules/@types/node": {
			"version": "22.19.13",
			"resolved": "https://registry.npmjs.org/@types/node/-/node-22.19.13.tgz",
			"integrity": "sha512-akNQMv0wW5uyRpD2v2IEyRSZiR+BeGuoB6L310EgGObO44HSMNT8z1xzio28V8qOrgYaopIDNA18YgdXd+qTiw==",
			"dev": true,
			"license": "MIT",
			"dependencies": {
				"undici-types": "~6.21.0"
			}
		},
		"node_modules/browser": {
			"resolved": "browser",
			"link": true
		},
		"node_modules/command_tests": {
			"resolved": "commands",
			"link": true
		},
		"node_modules/core": {
			"resolved": "core",
			"link": true
		},
		"node_modules/dom_test_utils": {
			"resolved": "dom_test_utils",
			"link": true
		},
		"node_modules/nodejs_cli": {
			"resolved": "nodejs",
			"link": true
		},
		"node_modules/prettier": {
			"version": "3.8.1",
			"resolved": "https://registry.npmjs.org/prettier/-/prettier-3.8.1.tgz",
			"integrity": "sha512-UOnG6LftzbdaHZcKoPFtOcCKztrQ57WkHDeRD9t/PTQtmT0NHSeWWepj6pS0z/N7+08BHFDQVUrfmfMRcZwbMg==",
			"dev": true,
			"license": "MIT",
			"bin": {
				"prettier": "bin/prettier.cjs"
			},
			"engines": {
				"node": ">=14"
			},
			"funding": {
				"url": "https://github.com/prettier/prettier?sponsor=1"
			}
		},
		"node_modules/tests": {
			"resolved": "tests",
			"link": true
		},
		"node_modules/typescript": {
			"version": "5.9.3",
			"resolved": "https://registry.npmjs.org/typescript/-/typescript-5.9.3.tgz",
			"integrity": "sha512-jl1vZzPDinLr9eUt3J/t7V6FgNEw9QjvBPdysz9KfQDD41fQrC2Y4vKQdiaUpFT4bXlb1RHhLpp8wtm6M5TgSw==",
			"dev": true,
			"license": "Apache-2.0",
			"bin": {
				"tsc": "bin/tsc",
				"tsserver": "bin/tsserver"
			},
			"engines": {
				"node": ">=14.17"
			}
		},
		"node_modules/undici-types": {
			"version": "6.21.0",
			"resolved": "https://registry.npmjs.org/undici-types/-/undici-types-6.21.0.tgz",
			"integrity": "sha512-iwDZqg0QAGrg9Rav5H4n0M64c3mkR59cJ6wQp+7C4nI0gsmExaedaYLNO44eT4AtBBwjbTiGPMlt2Md0T9H9JQ==",
			"dev": true,
			"license": "MIT"
		},
		"node_modules/webdriver": {
			"resolved": "webdriver",
			"link": true
		},
		"nodejs": {
			"name": "nodejs_cli"
		},
		"tests": {},
		"webdriver": {}
	}
}
